
Microsoft Visual Studio Solution File, Format Version 12.00
# Visual Studio Version 17
VisualStudioVersion = 17.9.34728.123
MinimumVisualStudioVersion = 10.0.40219.1
Project("{9A19103F-16F7-4668-BE54-9A1E7A4F7556}") = "NPVCalculatorAPI", "NPVCalculatorAPI.csproj", "{3650367A-C432-4DBE-B906-80660371F19B}"
EndProject
Project("{9A19103F-16F7-4668-BE54-9A1E7A4F7556}") = "NPVCalculator.Data", "..\NPVCalculator.Data\NPVCalculator.Data.csproj", "{4115A75F-540B-42ED-AB57-88BCB15A4CDD}"
EndProject
Project("{FAE04EC0-301F-11D3-BF4B-00C04F79EFBC}") = "NPVCalculator.API.Tests", "..\NPVCalculator.API.Tests\NPVCalculator.API.Tests.csproj", "{EE7BF20B-DD55-4172-9050-9B7662492133}"
EndProject
Global
	GlobalSection(SolutionConfigurationPlatforms) = preSolution
		Debug|Any CPU = Debug|Any CPU
		Release|Any CPU = Release|Any CPU
	EndGlobalSection
	GlobalSection(ProjectConfigurationPlatforms) = postSolution
		{3650367A-C432-4DBE-B906-80660371F19B}.Debug|Any CPU.ActiveCfg = Debug|Any CPU
		{3650367A-C432-4DBE-B906-80660371F19B}.Debug|Any CPU.Build.0 = Debug|Any CPU
		{3650367A-C432-4DBE-B906-80660371F19B}.Release|Any CPU.ActiveCfg = Release|Any CPU
		{3650367A-C432-4DBE-B906-80660371F19B}.Release|Any CPU.Build.0 = Release|Any CPU
		{4115A75F-540B-42ED-AB57-88BCB15A4CDD}.Debug|Any CPU.ActiveCfg = Debug|Any CPU
		{4115A75F-540B-42ED-AB57-88BCB15A4CDD}.Debug|Any CPU.Build.0 = Debug|Any CPU
		{4115A75F-540B-42ED-AB57-88BCB15A4CDD}.Release|Any CPU.ActiveCfg = Release|Any CPU
		{4115A75F-540B-42ED-AB57-88BCB15A4CDD}.Release|Any CPU.Build.0 = Release|Any CPU
		{EE7BF20B-DD55-4172-9050-9B7662492133}.Debug|Any CPU.ActiveCfg = Debug|Any CPU
		{EE7BF20B-DD55-4172-9050-9B7662492133}.Debug|Any CPU.Build.0 = Debug|Any CPU
		{EE7BF20B-DD55-4172-9050-9B7662492133}.Release|Any CPU.ActiveCfg = Release|Any CPU
		{EE7BF20B-DD55-4172-9050-9B7662492133}.Release|Any CPU.Build.0 = Release|Any CPU
	EndGlobalSection
	GlobalSection(SolutionProperties) = preSolution
		HideSolutionNode = FALSE
	EndGlobalSection
	GlobalSection(ExtensibilityGlobals) = postSolution
		SolutionGuid = {DEADC36E-2B04-444D-A72F-49D46AF3610F}
	EndGlobalSection
EndGlobal
